
Microsoft Visual Studio Solution File, Format Version 12.00
# Visual Studio Version 17
VisualStudioVersion = 17.9.34714.143
MinimumVisualStudioVersion = 10.0.40219.1
Project("{9A19103F-16F7-4668-BE54-9A1E7A4F7556}") = "UnitTesting.Tests", "UnitTesting.Tests\UnitTesting.Tests.csproj", "{8438E3E1-0498-410E-B3BF-9FD5A08DF05C}"
EndProject
Project("{FAE04EC0-301F-11D3-BF4B-00C04F79EFBC}") = "UnitTestingIntro", "UnitTestingIntro\UnitTestingIntro.csproj", "{BBA97EC6-DEE3-4294-A45E-7BB9472C1F5C}"
EndProject
Global
	GlobalSection(SolutionConfigurationPlatforms) = preSolution
		Debug|Any CPU = Debug|Any CPU
		Release|Any CPU = Release|Any CPU
	EndGlobalSection
	GlobalSection(ProjectConfigurationPlatforms) = postSolution
		{8438E3E1-0498-410E-B3BF-9FD5A08DF05C}.Debug|Any CPU.ActiveCfg = Debug|Any CPU
		{8438E3E1-0498-410E-B3BF-9FD5A08DF05C}.Debug|Any CPU.Build.0 = Debug|Any CPU
		{8438E3E1-0498-410E-B3BF-9FD5A08DF05C}.Release|Any CPU.ActiveCfg = Release|Any CPU
		{8438E3E1-0498-410E-B3BF-9FD5A08DF05C}.Release|Any CPU.Build.0 = Release|Any CPU
		{BBA97EC6-DEE3-4294-A45E-7BB9472C1F5C}.Debug|Any CPU.ActiveCfg = Debug|Any CPU
		{BBA97EC6-DEE3-4294-A45E-7BB9472C1F5C}.Debug|Any CPU.Build.0 = Debug|Any CPU
		{BBA97EC6-DEE3-4294-A45E-7BB9472C1F5C}.Release|Any CPU.ActiveCfg = Release|Any CPU
		{BBA97EC6-DEE3-4294-A45E-7BB9472C1F5C}.Release|Any CPU.Build.0 = Release|Any CPU
	EndGlobalSection
	GlobalSection(SolutionProperties) = preSolution
		HideSolutionNode = FALSE
	EndGlobalSection
	GlobalSection(ExtensibilityGlobals) = postSolution
		SolutionGuid = {F9A52152-1FA9-4EC8-A91D-E765ED565E9D}
	EndGlobalSection
EndGlobal
